// !$*UTF8*$!
{
	archiveVersion = 1;
	classes = {
	};
	objectVersion = 56;
	objects = {

/* Begin PBXBuildFile section */
		AB13BDA92B4EB042000DE4AD /* NetworkManager.swift in Sources */ = {isa = PBXBuildFile; fileRef = AB13BDA82B4EB042000DE4AD /* NetworkManager.swift */; };
		AB13BDAC2B4EB875000DE4AD /* GFError.swift in Sources */ = {isa = PBXBuildFile; fileRef = AB13BDAB2B4EB875000DE4AD /* GFError.swift */; };
		AB13BDAF2B4EBE61000DE4AD /* FollowerCell.swift in Sources */ = {isa = PBXBuildFile; fileRef = AB13BDAE2B4EBE61000DE4AD /* FollowerCell.swift */; };
		AB13BDB12B4EBED3000DE4AD /* GFAvatarImageView.swift in Sources */ = {isa = PBXBuildFile; fileRef = AB13BDB02B4EBED3000DE4AD /* GFAvatarImageView.swift */; };
		AB13BDB32B4ED53A000DE4AD /* UIHelper.swift in Sources */ = {isa = PBXBuildFile; fileRef = AB13BDB22B4ED53A000DE4AD /* UIHelper.swift */; };
		AB5108202B4DADDD0030C672 /* GFBodyLabel.swift in Sources */ = {isa = PBXBuildFile; fileRef = AB51081F2B4DADDD0030C672 /* GFBodyLabel.swift */; };
		AB5108222B4DAEF50030C672 /* GFAlertVC.swift in Sources */ = {isa = PBXBuildFile; fileRef = AB5108212B4DAEF50030C672 /* GFAlertVC.swift */; };
		AB5108242B4DB4DF0030C672 /* UIViewController + Ext.swift in Sources */ = {isa = PBXBuildFile; fileRef = AB5108232B4DB4DF0030C672 /* UIViewController + Ext.swift */; };
		AB65C1B52B4C69C8005BC279 /* GFTitleLabel.swift in Sources */ = {isa = PBXBuildFile; fileRef = AB65C1B42B4C69C8005BC279 /* GFTitleLabel.swift */; };
		AB7D2AE02B4F2F85004ED673 /* GFEmptyStateView.swift in Sources */ = {isa = PBXBuildFile; fileRef = AB7D2ADF2B4F2F85004ED673 /* GFEmptyStateView.swift */; };
		AB7D2AE22B4F41E6004ED673 /* UserInfoVC.swift in Sources */ = {isa = PBXBuildFile; fileRef = AB7D2AE12B4F41E6004ED673 /* UserInfoVC.swift */; };
		ABB603FE2B4DFD5C00669F1D /* Follower.swift in Sources */ = {isa = PBXBuildFile; fileRef = ABB603FD2B4DFD5C00669F1D /* Follower.swift */; };
		ABB604002B4DFE1B00669F1D /* User.swift in Sources */ = {isa = PBXBuildFile; fileRef = ABB603FF2B4DFE1B00669F1D /* User.swift */; };
		ABB8E2FA2B446AC200D40A8C /* GFButton.swift in Sources */ = {isa = PBXBuildFile; fileRef = ABB8E2F92B446AC200D40A8C /* GFButton.swift */; };
		ABB8E2FC2B446DE300D40A8C /* GFTextField.swift in Sources */ = {isa = PBXBuildFile; fileRef = ABB8E2FB2B446DE300D40A8C /* GFTextField.swift */; };
		ABB8E2FE2B447C3D00D40A8C /* FollowerListVC.swift in Sources */ = {isa = PBXBuildFile; fileRef = ABB8E2FD2B447C3D00D40A8C /* FollowerListVC.swift */; };
		ABDF09962B44262C009E0249 /* AppDelegate.swift in Sources */ = {isa = PBXBuildFile; fileRef = ABDF09952B44262C009E0249 /* AppDelegate.swift */; };
		ABDF09982B44262C009E0249 /* SceneDelegate.swift in Sources */ = {isa = PBXBuildFile; fileRef = ABDF09972B44262C009E0249 /* SceneDelegate.swift */; };
		ABDF099F2B44262D009E0249 /* Assets.xcassets in Resources */ = {isa = PBXBuildFile; fileRef = ABDF099E2B44262D009E0249 /* Assets.xcassets */; };
		ABDF09A22B44262D009E0249 /* LaunchScreen.storyboard in Resources */ = {isa = PBXBuildFile; fileRef = ABDF09A02B44262D009E0249 /* LaunchScreen.storyboard */; };
		ABDF09AA2B442CB9009E0249 /* SearchVC.swift in Sources */ = {isa = PBXBuildFile; fileRef = ABDF09A92B442CB9009E0249 /* SearchVC.swift */; };
		ABDF09AC2B442D0E009E0249 /* FavoritesListVC.swift in Sources */ = {isa = PBXBuildFile; fileRef = ABDF09AB2B442D0E009E0249 /* FavoritesListVC.swift */; };
		ABFDCEBF2B519522003284FD /* GFUserInfoHeaderVC.swift in Sources */ = {isa = PBXBuildFile; fileRef = ABFDCEBE2B519522003284FD /* GFUserInfoHeaderVC.swift */; };
		ABFDCEC12B51957A003284FD /* GFSecondaryTitleLabel.swift in Sources */ = {isa = PBXBuildFile; fileRef = ABFDCEC02B51957A003284FD /* GFSecondaryTitleLabel.swift */; };
		ABFDCEC32B519BAD003284FD /* Constants.swift in Sources */ = {isa = PBXBuildFile; fileRef = ABFDCEC22B519BAD003284FD /* Constants.swift */; };
/* End PBXBuildFile section */

/* Begin PBXFileReference section */
		AB13BDA82B4EB042000DE4AD /* NetworkManager.swift */ = {isa = PBXFileReference; lastKnownFileType = sourcecode.swift; path = NetworkManager.swift; sourceTree = "<group>"; };
		AB13BDAB2B4EB875000DE4AD /* GFError.swift */ = {isa = PBXFileReference; lastKnownFileType = sourcecode.swift; path = GFError.swift; sourceTree = "<group>"; };
		AB13BDAE2B4EBE61000DE4AD /* FollowerCell.swift */ = {isa = PBXFileReference; lastKnownFileType = sourcecode.swift; path = FollowerCell.swift; sourceTree = "<group>"; };
		AB13BDB02B4EBED3000DE4AD /* GFAvatarImageView.swift */ = {isa = PBXFileReference; lastKnownFileType = sourcecode.swift; path = GFAvatarImageView.swift; sourceTree = "<group>"; };
		AB13BDB22B4ED53A000DE4AD /* UIHelper.swift */ = {isa = PBXFileReference; lastKnownFileType = sourcecode.swift; path = UIHelper.swift; sourceTree = "<group>"; };
		AB51081F2B4DADDD0030C672 /* GFBodyLabel.swift */ = {isa = PBXFileReference; lastKnownFileType = sourcecode.swift; path = GFBodyLabel.swift; sourceTree = "<group>"; };
		AB5108212B4DAEF50030C672 /* GFAlertVC.swift */ = {isa = PBXFileReference; lastKnownFileType = sourcecode.swift; path = GFAlertVC.swift; sourceTree = "<group>"; };
		AB5108232B4DB4DF0030C672 /* UIViewController + Ext.swift */ = {isa = PBXFileReference; lastKnownFileType = sourcecode.swift; path = "UIViewController + Ext.swift"; sourceTree = "<group>"; };
		AB65C1B42B4C69C8005BC279 /* GFTitleLabel.swift */ = {isa = PBXFileReference; lastKnownFileType = sourcecode.swift; path = GFTitleLabel.swift; sourceTree = "<group>"; };
		AB7D2ADF2B4F2F85004ED673 /* GFEmptyStateView.swift */ = {isa = PBXFileReference; lastKnownFileType = sourcecode.swift; path = GFEmptyStateView.swift; sourceTree = "<group>"; };
		AB7D2AE12B4F41E6004ED673 /* UserInfoVC.swift */ = {isa = PBXFileReference; lastKnownFileType = sourcecode.swift; path = UserInfoVC.swift; sourceTree = "<group>"; };
		ABB603FD2B4DFD5C00669F1D /* Follower.swift */ = {isa = PBXFileReference; lastKnownFileType = sourcecode.swift; path = Follower.swift; sourceTree = "<group>"; };
		ABB603FF2B4DFE1B00669F1D /* User.swift */ = {isa = PBXFileReference; lastKnownFileType = sourcecode.swift; path = User.swift; sourceTree = "<group>"; };
		ABB8E2F92B446AC200D40A8C /* GFButton.swift */ = {isa = PBXFileReference; lastKnownFileType = sourcecode.swift; path = GFButton.swift; sourceTree = "<group>"; };
		ABB8E2FB2B446DE300D40A8C /* GFTextField.swift */ = {isa = PBXFileReference; lastKnownFileType = sourcecode.swift; path = GFTextField.swift; sourceTree = "<group>"; };
		ABB8E2FD2B447C3D00D40A8C /* FollowerListVC.swift */ = {isa = PBXFileReference; lastKnownFileType = sourcecode.swift; path = FollowerListVC.swift; sourceTree = "<group>"; };
		ABDF09922B44262C009E0249 /* GHFollowers.app */ = {isa = PBXFileReference; explicitFileType = wrapper.application; includeInIndex = 0; path = GHFollowers.app; sourceTree = BUILT_PRODUCTS_DIR; };
		ABDF09952B44262C009E0249 /* AppDelegate.swift */ = {isa = PBXFileReference; lastKnownFileType = sourcecode.swift; path = AppDelegate.swift; sourceTree = "<group>"; };
		ABDF09972B44262C009E0249 /* SceneDelegate.swift */ = {isa = PBXFileReference; lastKnownFileType = sourcecode.swift; path = SceneDelegate.swift; sourceTree = "<group>"; };
		ABDF099E2B44262D009E0249 /* Assets.xcassets */ = {isa = PBXFileReference; lastKnownFileType = folder.assetcatalog; path = Assets.xcassets; sourceTree = "<group>"; };
		ABDF09A12B44262D009E0249 /* Base */ = {isa = PBXFileReference; lastKnownFileType = file.storyboard; name = Base; path = Base.lproj/LaunchScreen.storyboard; sourceTree = "<group>"; };
		ABDF09A32B44262D009E0249 /* Info.plist */ = {isa = PBXFileReference; lastKnownFileType = text.plist.xml; path = Info.plist; sourceTree = "<group>"; };
		ABDF09A92B442CB9009E0249 /* SearchVC.swift */ = {isa = PBXFileReference; lastKnownFileType = sourcecode.swift; path = SearchVC.swift; sourceTree = "<group>"; };
		ABDF09AB2B442D0E009E0249 /* FavoritesListVC.swift */ = {isa = PBXFileReference; lastKnownFileType = sourcecode.swift; path = FavoritesListVC.swift; sourceTree = "<group>"; };
		ABFDCEBE2B519522003284FD /* GFUserInfoHeaderVC.swift */ = {isa = PBXFileReference; lastKnownFileType = sourcecode.swift; path = GFUserInfoHeaderVC.swift; sourceTree = "<group>"; };
		ABFDCEC02B51957A003284FD /* GFSecondaryTitleLabel.swift */ = {isa = PBXFileReference; lastKnownFileType = sourcecode.swift; path = GFSecondaryTitleLabel.swift; sourceTree = "<group>"; };
		ABFDCEC22B519BAD003284FD /* Constants.swift */ = {isa = PBXFileReference; lastKnownFileType = sourcecode.swift; path = Constants.swift; sourceTree = "<group>"; };
/* End PBXFileReference section */

/* Begin PBXFrameworksBuildPhase section */
		ABDF098F2B44262C009E0249 /* Frameworks */ = {
			isa = PBXFrameworksBuildPhase;
			buildActionMask = 2147483647;
			files = (
			);
			runOnlyForDeploymentPostprocessing = 0;
		};
/* End PBXFrameworksBuildPhase section */

/* Begin PBXGroup section */
		AB13BDA72B4EB02E000DE4AD /* Managers */ = {
			isa = PBXGroup;
			children = (
				AB13BDA82B4EB042000DE4AD /* NetworkManager.swift */,
			);
			path = Managers;
			sourceTree = "<group>";
		};
		AB13BDAA2B4EB864000DE4AD /* Utilities */ = {
			isa = PBXGroup;
			children = (
				AB13BDB22B4ED53A000DE4AD /* UIHelper.swift */,
				AB13BDAB2B4EB875000DE4AD /* GFError.swift */,
				ABFDCEC22B519BAD003284FD /* Constants.swift */,
			);
			path = Utilities;
			sourceTree = "<group>";
		};
		AB13BDAD2B4EBE3F000DE4AD /* Cells */ = {
			isa = PBXGroup;
			children = (
				AB13BDAE2B4EBE61000DE4AD /* FollowerCell.swift */,
			);
			path = Cells;
			sourceTree = "<group>";
		};
		AB5108252B4DB8680030C672 /* Screens */ = {
			isa = PBXGroup;
			children = (
				ABDF09A92B442CB9009E0249 /* SearchVC.swift */,
				ABDF09AB2B442D0E009E0249 /* FavoritesListVC.swift */,
				ABB8E2FD2B447C3D00D40A8C /* FollowerListVC.swift */,
				AB7D2AE12B4F41E6004ED673 /* UserInfoVC.swift */,
			);
			path = Screens;
			sourceTree = "<group>";
		};
		AB5108262B4DB89D0030C672 /* Custom Views */ = {
			isa = PBXGroup;
			children = (
				AB7D2ADE2B4F2F08004ED673 /* Labels */,
				AB7D2ADD2B4F2EE8004ED673 /* ViewControllers */,
				AB7D2ADC2B4F2EDF004ED673 /* ImageViews */,
				AB7D2ADB2B4F2ECC004ED673 /* TextFields */,
				AB7D2ADA2B4F2EC5004ED673 /* Buttons */,
				AB7D2AD92B4F2EBB004ED673 /* Views */,
				AB13BDAD2B4EBE3F000DE4AD /* Cells */,
			);
			path = "Custom Views";
			sourceTree = "<group>";
		};
		AB5108272B4DB8CE0030C672 /* Extensions */ = {
			isa = PBXGroup;
			children = (
				AB5108232B4DB4DF0030C672 /* UIViewController + Ext.swift */,
			);
			path = Extensions;
			sourceTree = "<group>";
		};
		AB5108282B4DB92C0030C672 /* Support */ = {
			isa = PBXGroup;
			children = (
				ABDF09952B44262C009E0249 /* AppDelegate.swift */,
				ABDF09972B44262C009E0249 /* SceneDelegate.swift */,
				ABDF099E2B44262D009E0249 /* Assets.xcassets */,
				ABDF09A02B44262D009E0249 /* LaunchScreen.storyboard */,
				ABDF09A32B44262D009E0249 /* Info.plist */,
			);
			path = Support;
			sourceTree = "<group>";
		};
		AB7D2AD92B4F2EBB004ED673 /* Views */ = {
			isa = PBXGroup;
			children = (
				AB7D2ADF2B4F2F85004ED673 /* GFEmptyStateView.swift */,
			);
			path = Views;
			sourceTree = "<group>";
		};
		AB7D2ADA2B4F2EC5004ED673 /* Buttons */ = {
			isa = PBXGroup;
			children = (
				ABB8E2F92B446AC200D40A8C /* GFButton.swift */,
			);
			path = Buttons;
			sourceTree = "<group>";
		};
		AB7D2ADB2B4F2ECC004ED673 /* TextFields */ = {
			isa = PBXGroup;
			children = (
				ABB8E2FB2B446DE300D40A8C /* GFTextField.swift */,
			);
			path = TextFields;
			sourceTree = "<group>";
		};
		AB7D2ADC2B4F2EDF004ED673 /* ImageViews */ = {
			isa = PBXGroup;
			children = (
				AB13BDB02B4EBED3000DE4AD /* GFAvatarImageView.swift */,
			);
			path = ImageViews;
			sourceTree = "<group>";
		};
		AB7D2ADD2B4F2EE8004ED673 /* ViewControllers */ = {
			isa = PBXGroup;
			children = (
				AB5108212B4DAEF50030C672 /* GFAlertVC.swift */,
				ABFDCEBE2B519522003284FD /* GFUserInfoHeaderVC.swift */,
			);
			path = ViewControllers;
			sourceTree = "<group>";
		};
		AB7D2ADE2B4F2F08004ED673 /* Labels */ = {
			isa = PBXGroup;
			children = (
				AB65C1B42B4C69C8005BC279 /* GFTitleLabel.swift */,
				AB51081F2B4DADDD0030C672 /* GFBodyLabel.swift */,
				ABFDCEC02B51957A003284FD /* GFSecondaryTitleLabel.swift */,
			);
			path = Labels;
			sourceTree = "<group>";
		};
		ABB603FC2B4DFD4F00669F1D /* Models */ = {
			isa = PBXGroup;
			children = (
				ABB603FD2B4DFD5C00669F1D /* Follower.swift */,
				ABB603FF2B4DFE1B00669F1D /* User.swift */,
			);
			path = Models;
			sourceTree = "<group>";
		};
		ABDF09892B44262C009E0249 = {
			isa = PBXGroup;
			children = (
				ABDF09942B44262C009E0249 /* GHFollowers */,
				ABDF09932B44262C009E0249 /* Products */,
			);
			sourceTree = "<group>";
		};
		ABDF09932B44262C009E0249 /* Products */ = {
			isa = PBXGroup;
			children = (
				ABDF09922B44262C009E0249 /* GHFollowers.app */,
			);
			name = Products;
			sourceTree = "<group>";
		};
		ABDF09942B44262C009E0249 /* GHFollowers */ = {
			isa = PBXGroup;
			children = (
				AB13BDAA2B4EB864000DE4AD /* Utilities */,
				AB13BDA72B4EB02E000DE4AD /* Managers */,
				ABB603FC2B4DFD4F00669F1D /* Models */,
				AB5108272B4DB8CE0030C672 /* Extensions */,
				AB5108262B4DB89D0030C672 /* Custom Views */,
				AB5108252B4DB8680030C672 /* Screens */,
				AB5108282B4DB92C0030C672 /* Support */,
			);
			path = GHFollowers;
			sourceTree = "<group>";
		};
/* End PBXGroup section */

/* Begin PBXNativeTarget section */
		ABDF09912B44262C009E0249 /* GHFollowers */ = {
			isa = PBXNativeTarget;
			buildConfigurationList = ABDF09A62B44262D009E0249 /* Build configuration list for PBXNativeTarget "GHFollowers" */;
			buildPhases = (
				ABDF098E2B44262C009E0249 /* Sources */,
				ABDF098F2B44262C009E0249 /* Frameworks */,
				ABDF09902B44262C009E0249 /* Resources */,
			);
			buildRules = (
			);
			dependencies = (
			);
			name = GHFollowers;
			productName = GHFollowers;
			productReference = ABDF09922B44262C009E0249 /* GHFollowers.app */;
			productType = "com.apple.product-type.application";
		};
/* End PBXNativeTarget section */

/* Begin PBXProject section */
		ABDF098A2B44262C009E0249 /* Project object */ = {
			isa = PBXProject;
			attributes = {
				BuildIndependentTargetsInParallel = 1;
				LastSwiftUpdateCheck = 1500;
				LastUpgradeCheck = 1500;
				TargetAttributes = {
					ABDF09912B44262C009E0249 = {
						CreatedOnToolsVersion = 15.0.1;
					};
				};
			};
			buildConfigurationList = ABDF098D2B44262C009E0249 /* Build configuration list for PBXProject "GHFollowers" */;
			compatibilityVersion = "Xcode 14.0";
			developmentRegion = en;
			hasScannedForEncodings = 0;
			knownRegions = (
				en,
				Base,
			);
			mainGroup = ABDF09892B44262C009E0249;
			productRefGroup = ABDF09932B44262C009E0249 /* Products */;
			projectDirPath = "";
			projectRoot = "";
			targets = (
				ABDF09912B44262C009E0249 /* GHFollowers */,
			);
		};
/* End PBXProject section */

/* Begin PBXResourcesBuildPhase section */
		ABDF09902B44262C009E0249 /* Resources */ = {
			isa = PBXResourcesBuildPhase;
			buildActionMask = 2147483647;
			files = (
				ABDF09A22B44262D009E0249 /* LaunchScreen.storyboard in Resources */,
				ABDF099F2B44262D009E0249 /* Assets.xcassets in Resources */,
			);
			runOnlyForDeploymentPostprocessing = 0;
		};
/* End PBXResourcesBuildPhase section */

/* Begin PBXSourcesBuildPhase section */
		ABDF098E2B44262C009E0249 /* Sources */ = {
			isa = PBXSourcesBuildPhase;
			buildActionMask = 2147483647;
			files = (
				ABB604002B4DFE1B00669F1D /* User.swift in Sources */,
				ABB8E2FC2B446DE300D40A8C /* GFTextField.swift in Sources */,
				ABDF09AC2B442D0E009E0249 /* FavoritesListVC.swift in Sources */,
				AB5108242B4DB4DF0030C672 /* UIViewController + Ext.swift in Sources */,
				ABB8E2FA2B446AC200D40A8C /* GFButton.swift in Sources */,
				AB13BDB32B4ED53A000DE4AD /* UIHelper.swift in Sources */,
				ABFDCEC32B519BAD003284FD /* Constants.swift in Sources */,
				AB13BDB12B4EBED3000DE4AD /* GFAvatarImageView.swift in Sources */,
				ABDF09AA2B442CB9009E0249 /* SearchVC.swift in Sources */,
				AB5108222B4DAEF50030C672 /* GFAlertVC.swift in Sources */,
				AB13BDAF2B4EBE61000DE4AD /* FollowerCell.swift in Sources */,
				AB13BDAC2B4EB875000DE4AD /* GFError.swift in Sources */,
				ABFDCEBF2B519522003284FD /* GFUserInfoHeaderVC.swift in Sources */,
				AB5108202B4DADDD0030C672 /* GFBodyLabel.swift in Sources */,
				ABB603FE2B4DFD5C00669F1D /* Follower.swift in Sources */,
				AB65C1B52B4C69C8005BC279 /* GFTitleLabel.swift in Sources */,
				ABFDCEC12B51957A003284FD /* GFSecondaryTitleLabel.swift in Sources */,
				AB7D2AE02B4F2F85004ED673 /* GFEmptyStateView.swift in Sources */,
				AB13BDA92B4EB042000DE4AD /* NetworkManager.swift in Sources */,
				ABB8E2FE2B447C3D00D40A8C /* FollowerListVC.swift in Sources */,
				ABDF09962B44262C009E0249 /* AppDelegate.swift in Sources */,
				ABDF09982B44262C009E0249 /* SceneDelegate.swift in Sources */,
				AB7D2AE22B4F41E6004ED673 /* UserInfoVC.swift in Sources */,
			);
			runOnlyForDeploymentPostprocessing = 0;
		};
/* End PBXSourcesBuildPhase section */

/* Begin PBXVariantGroup section */
		ABDF09A02B44262D009E0249 /* LaunchScreen.storyboard */ = {
			isa = PBXVariantGroup;
			children = (
				ABDF09A12B44262D009E0249 /* Base */,
			);
			name = LaunchScreen.storyboard;
			sourceTree = "<group>";
		};
/* End PBXVariantGroup section */

/* Begin XCBuildConfiguration section */
		ABDF09A42B44262D009E0249 /* Debug */ = {
			isa = XCBuildConfiguration;
			buildSettings = {
				ALWAYS_SEARCH_USER_PATHS = NO;
				ASSETCATALOG_COMPILER_GENERATE_SWIFT_ASSET_SYMBOL_EXTENSIONS = YES;
				CLANG_ANALYZER_NONNULL = YES;
				CLANG_ANALYZER_NUMBER_OBJECT_CONVERSION = YES_AGGRESSIVE;
				CLANG_CXX_LANGUAGE_STANDARD = "gnu++20";
				CLANG_ENABLE_MODULES = YES;
				CLANG_ENABLE_OBJC_ARC = YES;
				CLANG_ENABLE_OBJC_WEAK = YES;
				CLANG_WARN_BLOCK_CAPTURE_AUTORELEASING = YES;
				CLANG_WARN_BOOL_CONVERSION = YES;
				CLANG_WARN_COMMA = YES;
				CLANG_WARN_CONSTANT_CONVERSION = YES;
				CLANG_WARN_DEPRECATED_OBJC_IMPLEMENTATIONS = YES;
				CLANG_WARN_DIRECT_OBJC_ISA_USAGE = YES_ERROR;
				CLANG_WARN_DOCUMENTATION_COMMENTS = YES;
				CLANG_WARN_EMPTY_BODY = YES;
				CLANG_WARN_ENUM_CONVERSION = YES;
				CLANG_WARN_INFINITE_RECURSION = YES;
				CLANG_WARN_INT_CONVERSION = YES;
				CLANG_WARN_NON_LITERAL_NULL_CONVERSION = YES;
				CLANG_WARN_OBJC_IMPLICIT_RETAIN_SELF = YES;
				CLANG_WARN_OBJC_LITERAL_CONVERSION = YES;
				CLANG_WARN_OBJC_ROOT_CLASS = YES_ERROR;
				CLANG_WARN_QUOTED_INCLUDE_IN_FRAMEWORK_HEADER = YES;
				CLANG_WARN_RANGE_LOOP_ANALYSIS = YES;
				CLANG_WARN_STRICT_PROTOTYPES = YES;
				CLANG_WARN_SUSPICIOUS_MOVE = YES;
				CLANG_WARN_UNGUARDED_AVAILABILITY = YES_AGGRESSIVE;
				CLANG_WARN_UNREACHABLE_CODE = YES;
				CLANG_WARN__DUPLICATE_METHOD_MATCH = YES;
				COPY_PHASE_STRIP = NO;
				DEBUG_INFORMATION_FORMAT = dwarf;
				ENABLE_STRICT_OBJC_MSGSEND = YES;
				ENABLE_TESTABILITY = YES;
				ENABLE_USER_SCRIPT_SANDBOXING = YES;
				GCC_C_LANGUAGE_STANDARD = gnu17;
				GCC_DYNAMIC_NO_PIC = NO;
				GCC_NO_COMMON_BLOCKS = YES;
				GCC_OPTIMIZATION_LEVEL = 0;
				GCC_PREPROCESSOR_DEFINITIONS = (
					"DEBUG=1",
					"$(inherited)",
				);
				GCC_WARN_64_TO_32_BIT_CONVERSION = YES;
				GCC_WARN_ABOUT_RETURN_TYPE = YES_ERROR;
				GCC_WARN_UNDECLARED_SELECTOR = YES;
				GCC_WARN_UNINITIALIZED_AUTOS = YES_AGGRESSIVE;
				GCC_WARN_UNUSED_FUNCTION = YES;
				GCC_WARN_UNUSED_VARIABLE = YES;
				IPHONEOS_DEPLOYMENT_TARGET = 17.0;
				LOCALIZATION_PREFERS_STRING_CATALOGS = YES;
				MTL_ENABLE_DEBUG_INFO = INCLUDE_SOURCE;
				MTL_FAST_MATH = YES;
				ONLY_ACTIVE_ARCH = YES;
				SDKROOT = iphoneos;
				SWIFT_ACTIVE_COMPILATION_CONDITIONS = "DEBUG $(inherited)";
				SWIFT_OPTIMIZATION_LEVEL = "-Onone";
			};
			name = Debug;
		};
		ABDF09A52B44262D009E0249 /* Release */ = {
			isa = XCBuildConfiguration;
			buildSettings = {
				ALWAYS_SEARCH_USER_PATHS = NO;
				ASSETCATALOG_COMPILER_GENERATE_SWIFT_ASSET_SYMBOL_EXTENSIONS = YES;
				CLANG_ANALYZER_NONNULL = YES;
				CLANG_ANALYZER_NUMBER_OBJECT_CONVERSION = YES_AGGRESSIVE;
				CLANG_CXX_LANGUAGE_STANDARD = "gnu++20";
				CLANG_ENABLE_MODULES = YES;
				CLANG_ENABLE_OBJC_ARC = YES;
				CLANG_ENABLE_OBJC_WEAK = YES;
				CLANG_WARN_BLOCK_CAPTURE_AUTORELEASING = YES;
				CLANG_WARN_BOOL_CONVERSION = YES;
				CLANG_WARN_COMMA = YES;
				CLANG_WARN_CONSTANT_CONVERSION = YES;
				CLANG_WARN_DEPRECATED_OBJC_IMPLEMENTATIONS = YES;
				CLANG_WARN_DIRECT_OBJC_ISA_USAGE = YES_ERROR;
				CLANG_WARN_DOCUMENTATION_COMMENTS = YES;
				CLANG_WARN_EMPTY_BODY = YES;
				CLANG_WARN_ENUM_CONVERSION = YES;
				CLANG_WARN_INFINITE_RECURSION = YES;
				CLANG_WARN_INT_CONVERSION = YES;
				CLANG_WARN_NON_LITERAL_NULL_CONVERSION = YES;
				CLANG_WARN_OBJC_IMPLICIT_RETAIN_SELF = YES;
				CLANG_WARN_OBJC_LITERAL_CONVERSION = YES;
				CLANG_WARN_OBJC_ROOT_CLASS = YES_ERROR;
				CLANG_WARN_QUOTED_INCLUDE_IN_FRAMEWORK_HEADER = YES;
				CLANG_WARN_RANGE_LOOP_ANALYSIS = YES;
				CLANG_WARN_STRICT_PROTOTYPES = YES;
				CLANG_WARN_SUSPICIOUS_MOVE = YES;
				CLANG_WARN_UNGUARDED_AVAILABILITY = YES_AGGRESSIVE;
				CLANG_WARN_UNREACHABLE_CODE = YES;
				CLANG_WARN__DUPLICATE_METHOD_MATCH = YES;
				COPY_PHASE_STRIP = NO;
				DEBUG_INFORMATION_FORMAT = "dwarf-with-dsym";
				ENABLE_NS_ASSERTIONS = NO;
				ENABLE_STRICT_OBJC_MSGSEND = YES;
				ENABLE_USER_SCRIPT_SANDBOXING = YES;
				GCC_C_LANGUAGE_STANDARD = gnu17;
				GCC_NO_COMMON_BLOCKS = YES;
				GCC_WARN_64_TO_32_BIT_CONVERSION = YES;
				GCC_WARN_ABOUT_RETURN_TYPE = YES_ERROR;
				GCC_WARN_UNDECLARED_SELECTOR = YES;
				GCC_WARN_UNINITIALIZED_AUTOS = YES_AGGRESSIVE;
				GCC_WARN_UNUSED_FUNCTION = YES;
				GCC_WARN_UNUSED_VARIABLE = YES;
				IPHONEOS_DEPLOYMENT_TARGET = 17.0;
				LOCALIZATION_PREFERS_STRING_CATALOGS = YES;
				MTL_ENABLE_DEBUG_INFO = NO;
				MTL_FAST_MATH = YES;
				SDKROOT = iphoneos;
				SWIFT_COMPILATION_MODE = wholemodule;
				VALIDATE_PRODUCT = YES;
			};
			name = Release;
		};
		ABDF09A72B44262D009E0249 /* Debug */ = {
			isa = XCBuildConfiguration;
			buildSettings = {
				ASSETCATALOG_COMPILER_APPICON_NAME = AppIcon;
				ASSETCATALOG_COMPILER_GLOBAL_ACCENT_COLOR_NAME = AccentColor;
				CODE_SIGN_STYLE = Automatic;
				CURRENT_PROJECT_VERSION = 1;
				DEVELOPMENT_TEAM = 3484N7QHF7;
				GENERATE_INFOPLIST_FILE = YES;
				INFOPLIST_FILE = GHFollowers/Support/Info.plist;
				INFOPLIST_KEY_UIApplicationSupportsIndirectInputEvents = YES;
				INFOPLIST_KEY_UILaunchStoryboardName = LaunchScreen;
				INFOPLIST_KEY_UISupportedInterfaceOrientations = UIInterfaceOrientationPortrait;
				INFOPLIST_KEY_UISupportedInterfaceOrientations_iPad = "UIInterfaceOrientationLandscapeLeft UIInterfaceOrientationLandscapeRight UIInterfaceOrientationPortrait UIInterfaceOrientationPortraitUpsideDown";
				LD_RUNPATH_SEARCH_PATHS = (
					"$(inherited)",
					"@executable_path/Frameworks",
				);
				MARKETING_VERSION = 1.0;
				PRODUCT_BUNDLE_IDENTIFIER = com.zacharyfarnes.GHFollowers;
				PRODUCT_NAME = "$(TARGET_NAME)";
				SUPPORTED_PLATFORMS = "iphoneos iphonesimulator";
				SUPPORTS_MACCATALYST = NO;
				SUPPORTS_MAC_DESIGNED_FOR_IPHONE_IPAD = NO;
				SWIFT_EMIT_LOC_STRINGS = YES;
				SWIFT_VERSION = 5.0;
				TARGETED_DEVICE_FAMILY = 1;
			};
			name = Debug;
		};
		ABDF09A82B44262D009E0249 /* Release */ = {
			isa = XCBuildConfiguration;
			buildSettings = {
				ASSETCATALOG_COMPILER_APPICON_NAME = AppIcon;
				ASSETCATALOG_COMPILER_GLOBAL_ACCENT_COLOR_NAME = AccentColor;
				CODE_SIGN_STYLE = Automatic;
				CURRENT_PROJECT_VERSION = 1;
				DEVELOPMENT_TEAM = 3484N7QHF7;
				GENERATE_INFOPLIST_FILE = YES;
				INFOPLIST_FILE = GHFollowers/Support/Info.plist;
				INFOPLIST_KEY_UIApplicationSupportsIndirectInputEvents = YES;
				INFOPLIST_KEY_UILaunchStoryboardName = LaunchScreen;
				INFOPLIST_KEY_UISupportedInterfaceOrientations = UIInterfaceOrientationPortrait;
				INFOPLIST_KEY_UISupportedInterfaceOrientations_iPad = "UIInterfaceOrientationLandscapeLeft UIInterfaceOrientationLandscapeRight UIInterfaceOrientationPortrait UIInterfaceOrientationPortraitUpsideDown";
				LD_RUNPATH_SEARCH_PATHS = (
					"$(inherited)",
					"@executable_path/Frameworks",
				);
				MARKETING_VERSION = 1.0;
				PRODUCT_BUNDLE_IDENTIFIER = com.zacharyfarnes.GHFollowers;
				PRODUCT_NAME = "$(TARGET_NAME)";
				SUPPORTED_PLATFORMS = "iphoneos iphonesimulator";
				SUPPORTS_MACCATALYST = NO;
				SUPPORTS_MAC_DESIGNED_FOR_IPHONE_IPAD = NO;
				SWIFT_EMIT_LOC_STRINGS = YES;
				SWIFT_VERSION = 5.0;
				TARGETED_DEVICE_FAMILY = 1;
			};
			name = Release;
		};
/* End XCBuildConfiguration section */

/* Begin XCConfigurationList section */
		ABDF098D2B44262C009E0249 /* Build configuration list for PBXProject "GHFollowers" */ = {
			isa = XCConfigurationList;
			buildConfigurations = (
				ABDF09A42B44262D009E0249 /* Debug */,
				ABDF09A52B44262D009E0249 /* Release */,
			);
			defaultConfigurationIsVisible = 0;
			defaultConfigurationName = Release;
		};
		ABDF09A62B44262D009E0249 /* Build configuration list for PBXNativeTarget "GHFollowers" */ = {
			isa = XCConfigurationList;
			buildConfigurations = (
				ABDF09A72B44262D009E0249 /* Debug */,
				ABDF09A82B44262D009E0249 /* Release */,
			);
			defaultConfigurationIsVisible = 0;
			defaultConfigurationName = Release;
		};
/* End XCConfigurationList section */
	};
	rootObject = ABDF098A2B44262C009E0249 /* Project object */;
}
